
Microsoft Visual Studio Solution File, Format Version 10.00
# Visual Studio 2008
Project("{FAE04EC0-301F-11D3-BF4B-00C04F79EFBC}") = "TidyMyFolder", "TidyMyFolder\TidyMyFolder.csproj", "{8B61C1F7-04E0-4AFF-9B17-B4F2B23AFC1F}"
EndProject
Global
	GlobalSection(SolutionConfigurationPlatforms) = preSolution
		Debug|Any CPU = Debug|Any CPU
		Release|Any CPU = Release|Any CPU
	EndGlobalSection
	GlobalSection(ProjectConfigurationPlatforms) = postSolution
		{8B61C1F7-04E0-4AFF-9B17-B4F2B23AFC1F}.Debug|Any CPU.ActiveCfg = Debug|Any CPU
		{8B61C1F7-04E0-4AFF-9B17-B4F2B23AFC1F}.Debug|Any CPU.Build.0 = Debug|Any CPU
		{8B61C1F7-04E0-4AFF-9B17-B4F2B23AFC1F}.Release|Any CPU.ActiveCfg = Release|Any CPU
		{8B61C1F7-04E0-4AFF-9B17-B4F2B23AFC1F}.Release|Any CPU.Build.0 = Release|Any CPU
	EndGlobalSection
	GlobalSection(SolutionProperties) = preSolution
		HideSolutionNode = FALSE
	EndGlobalSection
EndGlobal
